
Microsoft Visual Studio Solution File, Format Version 12.00
# Visual Studio Version 17
VisualStudioVersion = 17.5.2.0
MinimumVisualStudioVersion = 10.0.40219.1
Project("{2150E333-8FDC-42A3-9474-1A3956D46DE8}") = "src", "src", "{827E0CD3-B72D-47B6-A68D-7590B98EB39B}"
EndProject
Project("{2150E333-8FDC-42A3-9474-1A3956D46DE8}") = "Api", "Api", "{81034408-37C8-1011-444E-4C15C2FADA8E}"
EndProject
Project("{FAE04EC0-301F-11D3-BF4B-00C04F79EFBC}") = "GeradorDeCertificados.Api", "src\Api\GeradorDeCertificados.Api.csproj", "{811FA522-BC20-3553-5A7E-8D5AA7EBD3FC}"
EndProject
Project("{2150E333-8FDC-42A3-9474-1A3956D46DE8}") = "Aplicacao", "Aplicacao", "{504A6837-2540-6BE0-87CA-87C1D5CEA98C}"
EndProject
Project("{FAE04EC0-301F-11D3-BF4B-00C04F79EFBC}") = "GeradorDeCertificados.Aplicacao", "src\Aplicacao\GeradorDeCertificados.Aplicacao.csproj", "{7757455E-8F30-6C58-A921-24C5696F3A86}"
EndProject
Project("{2150E333-8FDC-42A3-9474-1A3956D46DE8}") = "Dominio", "Dominio", "{E5D085FE-184A-B72C-3038-D97368ED8EE8}"
EndProject
Project("{FAE04EC0-301F-11D3-BF4B-00C04F79EFBC}") = "GeradorDeCertificados.Dominio", "src\Dominio\GeradorDeCertificados.Dominio.csproj", "{25A78BCF-E7E1-D427-C37D-5EF9E7C5F8B4}"
EndProject
Project("{2150E333-8FDC-42A3-9474-1A3956D46DE8}") = "Infraestrutura", "Infraestrutura", "{070440E7-20BE-CF0B-7295-4D50FA83AB81}"
EndProject
Project("{FAE04EC0-301F-11D3-BF4B-00C04F79EFBC}") = "GeradorDeCertificados.Infraestrutura", "src\Infraestrutura\GeradorDeCertificados.Infraestrutura.csproj", "{9A608D93-CF79-2C05-5949-7FD57A3B961A}"
EndProject
Project("{2150E333-8FDC-42A3-9474-1A3956D46DE8}") = "test", "test", "{0C88DD14-F956-CE84-757C-A364CCF449FC}"
EndProject
Project("{FAE04EC0-301F-11D3-BF4B-00C04F79EFBC}") = "GeradorDeCertificados.Testes.Unitario", "test\GeradorDeCertificados.Testes.Unitario\GeradorDeCertificados.Testes.Unitario.csproj", "{60877D60-3C6A-4849-A0F7-B7AE6ED280A2}"
EndProject
Project("{FAE04EC0-301F-11D3-BF4B-00C04F79EFBC}") = "GeradorDeCertificados.Testes.Integracao", "test\GeradorDeCertificados.Testes.Integracao\GeradorDeCertificados.Testes.Integracao.csproj", "{C931D981-C309-4DF6-BD85-94687BF7B935}"
EndProject
Project("{FAE04EC0-301F-11D3-BF4B-00C04F79EFBC}") = "GeradorDeCertificados.Testes.Api", "test\GeradorDeCertificados.Testes.Api\GeradorDeCertificados.Testes.Api.csproj", "{23902243-3372-4773-AE67-27FD317B655F}"
EndProject
Global
	GlobalSection(SolutionConfigurationPlatforms) = preSolution
		Debug|Any CPU = Debug|Any CPU
		Debug|x64 = Debug|x64
		Debug|x86 = Debug|x86
		Release|Any CPU = Release|Any CPU
		Release|x64 = Release|x64
		Release|x86 = Release|x86
	EndGlobalSection
	GlobalSection(ProjectConfigurationPlatforms) = postSolution
		{811FA522-BC20-3553-5A7E-8D5AA7EBD3FC}.Debug|Any CPU.ActiveCfg = Debug|Any CPU
		{811FA522-BC20-3553-5A7E-8D5AA7EBD3FC}.Debug|Any CPU.Build.0 = Debug|Any CPU
		{811FA522-BC20-3553-5A7E-8D5AA7EBD3FC}.Debug|x64.ActiveCfg = Debug|Any CPU
		{811FA522-BC20-3553-5A7E-8D5AA7EBD3FC}.Debug|x64.Build.0 = Debug|Any CPU
		{811FA522-BC20-3553-5A7E-8D5AA7EBD3FC}.Debug|x86.ActiveCfg = Debug|Any CPU
		{811FA522-BC20-3553-5A7E-8D5AA7EBD3FC}.Debug|x86.Build.0 = Debug|Any CPU
		{811FA522-BC20-3553-5A7E-8D5AA7EBD3FC}.Release|Any CPU.ActiveCfg = Release|Any CPU
		{811FA522-BC20-3553-5A7E-8D5AA7EBD3FC}.Release|Any CPU.Build.0 = Release|Any CPU
		{811FA522-BC20-3553-5A7E-8D5AA7EBD3FC}.Release|x64.ActiveCfg = Release|Any CPU
		{811FA522-BC20-3553-5A7E-8D5AA7EBD3FC}.Release|x64.Build.0 = Release|Any CPU
		{811FA522-BC20-3553-5A7E-8D5AA7EBD3FC}.Release|x86.ActiveCfg = Release|Any CPU
		{811FA522-BC20-3553-5A7E-8D5AA7EBD3FC}.Release|x86.Build.0 = Release|Any CPU
		{7757455E-8F30-6C58-A921-24C5696F3A86}.Debug|Any CPU.ActiveCfg = Debug|Any CPU
		{7757455E-8F30-6C58-A921-24C5696F3A86}.Debug|Any CPU.Build.0 = Debug|Any CPU
		{7757455E-8F30-6C58-A921-24C5696F3A86}.Debug|x64.ActiveCfg = Debug|Any CPU
		{7757455E-8F30-6C58-A921-24C5696F3A86}.Debug|x64.Build.0 = Debug|Any CPU
		{7757455E-8F30-6C58-A921-24C5696F3A86}.Debug|x86.ActiveCfg = Debug|Any CPU
		{7757455E-8F30-6C58-A921-24C5696F3A86}.Debug|x86.Build.0 = Debug|Any CPU
		{7757455E-8F30-6C58-A921-24C5696F3A86}.Release|Any CPU.ActiveCfg = Release|Any CPU
		{7757455E-8F30-6C58-A921-24C5696F3A86}.Release|Any CPU.Build.0 = Release|Any CPU
		{7757455E-8F30-6C58-A921-24C5696F3A86}.Release|x64.ActiveCfg = Release|Any CPU
		{7757455E-8F30-6C58-A921-24C5696F3A86}.Release|x64.Build.0 = Release|Any CPU
		{7757455E-8F30-6C58-A921-24C5696F3A86}.Release|x86.ActiveCfg = Release|Any CPU
		{7757455E-8F30-6C58-A921-24C5696F3A86}.Release|x86.Build.0 = Release|Any CPU
		{25A78BCF-E7E1-D427-C37D-5EF9E7C5F8B4}.Debug|Any CPU.ActiveCfg = Debug|Any CPU
		{25A78BCF-E7E1-D427-C37D-5EF9E7C5F8B4}.Debug|Any CPU.Build.0 = Debug|Any CPU
		{25A78BCF-E7E1-D427-C37D-5EF9E7C5F8B4}.Debug|x64.ActiveCfg = Debug|Any CPU
		{25A78BCF-E7E1-D427-C37D-5EF9E7C5F8B4}.Debug|x64.Build.0 = Debug|Any CPU
		{25A78BCF-E7E1-D427-C37D-5EF9E7C5F8B4}.Debug|x86.ActiveCfg = Debug|Any CPU
		{25A78BCF-E7E1-D427-C37D-5EF9E7C5F8B4}.Debug|x86.Build.0 = Debug|Any CPU
		{25A78BCF-E7E1-D427-C37D-5EF9E7C5F8B4}.Release|Any CPU.ActiveCfg = Release|Any CPU
		{25A78BCF-E7E1-D427-C37D-5EF9E7C5F8B4}.Release|Any CPU.Build.0 = Release|Any CPU
		{25A78BCF-E7E1-D427-C37D-5EF9E7C5F8B4}.Release|x64.ActiveCfg = Release|Any CPU
		{25A78BCF-E7E1-D427-C37D-5EF9E7C5F8B4}.Release|x64.Build.0 = Release|Any CPU
		{25A78BCF-E7E1-D427-C37D-5EF9E7C5F8B4}.Release|x86.ActiveCfg = Release|Any CPU
		{25A78BCF-E7E1-D427-C37D-5EF9E7C5F8B4}.Release|x86.Build.0 = Release|Any CPU
		{9A608D93-CF79-2C05-5949-7FD57A3B961A}.Debug|Any CPU.ActiveCfg = Debug|Any CPU
		{9A608D93-CF79-2C05-5949-7FD57A3B961A}.Debug|Any CPU.Build.0 = Debug|Any CPU
		{9A608D93-CF79-2C05-5949-7FD57A3B961A}.Debug|x64.ActiveCfg = Debug|Any CPU
		{9A608D93-CF79-2C05-5949-7FD57A3B961A}.Debug|x64.Build.0 = Debug|Any CPU
		{9A608D93-CF79-2C05-5949-7FD57A3B961A}.Debug|x86.ActiveCfg = Debug|Any CPU
		{9A608D93-CF79-2C05-5949-7FD57A3B961A}.Debug|x86.Build.0 = Debug|Any CPU
		{9A608D93-CF79-2C05-5949-7FD57A3B961A}.Release|Any CPU.ActiveCfg = Release|Any CPU
		{9A608D93-CF79-2C05-5949-7FD57A3B961A}.Release|Any CPU.Build.0 = Release|Any CPU
		{9A608D93-CF79-2C05-5949-7FD57A3B961A}.Release|x64.ActiveCfg = Release|Any CPU
		{9A608D93-CF79-2C05-5949-7FD57A3B961A}.Release|x64.Build.0 = Release|Any CPU
		{9A608D93-CF79-2C05-5949-7FD57A3B961A}.Release|x86.ActiveCfg = Release|Any CPU
		{9A608D93-CF79-2C05-5949-7FD57A3B961A}.Release|x86.Build.0 = Release|Any CPU
		{60877D60-3C6A-4849-A0F7-B7AE6ED280A2}.Debug|Any CPU.ActiveCfg = Debug|Any CPU
		{60877D60-3C6A-4849-A0F7-B7AE6ED280A2}.Debug|Any CPU.Build.0 = Debug|Any CPU
		{60877D60-3C6A-4849-A0F7-B7AE6ED280A2}.Debug|x64.ActiveCfg = Debug|Any CPU
		{60877D60-3C6A-4849-A0F7-B7AE6ED280A2}.Debug|x64.Build.0 = Debug|Any CPU
		{60877D60-3C6A-4849-A0F7-B7AE6ED280A2}.Debug|x86.ActiveCfg = Debug|Any CPU
		{60877D60-3C6A-4849-A0F7-B7AE6ED280A2}.Debug|x86.Build.0 = Debug|Any CPU
		{60877D60-3C6A-4849-A0F7-B7AE6ED280A2}.Release|Any CPU.ActiveCfg = Release|Any CPU
		{60877D60-3C6A-4849-A0F7-B7AE6ED280A2}.Release|Any CPU.Build.0 = Release|Any CPU
		{60877D60-3C6A-4849-A0F7-B7AE6ED280A2}.Release|x64.ActiveCfg = Release|Any CPU
		{60877D60-3C6A-4849-A0F7-B7AE6ED280A2}.Release|x64.Build.0 = Release|Any CPU
		{60877D60-3C6A-4849-A0F7-B7AE6ED280A2}.Release|x86.ActiveCfg = Release|Any CPU
		{60877D60-3C6A-4849-A0F7-B7AE6ED280A2}.Release|x86.Build.0 = Release|Any CPU
		{C931D981-C309-4DF6-BD85-94687BF7B935}.Debug|Any CPU.ActiveCfg = Debug|Any CPU
		{C931D981-C309-4DF6-BD85-94687BF7B935}.Debug|Any CPU.Build.0 = Debug|Any CPU
		{C931D981-C309-4DF6-BD85-94687BF7B935}.Debug|x64.ActiveCfg = Debug|Any CPU
		{C931D981-C309-4DF6-BD85-94687BF7B935}.Debug|x64.Build.0 = Debug|Any CPU
		{C931D981-C309-4DF6-BD85-94687BF7B935}.Debug|x86.ActiveCfg = Debug|Any CPU
		{C931D981-C309-4DF6-BD85-94687BF7B935}.Debug|x86.Build.0 = Debug|Any CPU
		{C931D981-C309-4DF6-BD85-94687BF7B935}.Release|Any CPU.ActiveCfg = Release|Any CPU
		{C931D981-C309-4DF6-BD85-94687BF7B935}.Release|Any CPU.Build.0 = Release|Any CPU
		{C931D981-C309-4DF6-BD85-94687BF7B935}.Release|x64.ActiveCfg = Release|Any CPU
		{C931D981-C309-4DF6-BD85-94687BF7B935}.Release|x64.Build.0 = Release|Any CPU
		{C931D981-C309-4DF6-BD85-94687BF7B935}.Release|x86.ActiveCfg = Release|Any CPU
		{C931D981-C309-4DF6-BD85-94687BF7B935}.Release|x86.Build.0 = Release|Any CPU
		{23902243-3372-4773-AE67-27FD317B655F}.Debug|Any CPU.ActiveCfg = Debug|Any CPU
		{23902243-3372-4773-AE67-27FD317B655F}.Debug|Any CPU.Build.0 = Debug|Any CPU
		{23902243-3372-4773-AE67-27FD317B655F}.Debug|x64.ActiveCfg = Debug|Any CPU
		{23902243-3372-4773-AE67-27FD317B655F}.Debug|x64.Build.0 = Debug|Any CPU
		{23902243-3372-4773-AE67-27FD317B655F}.Debug|x86.ActiveCfg = Debug|Any CPU
		{23902243-3372-4773-AE67-27FD317B655F}.Debug|x86.Build.0 = Debug|Any CPU
		{23902243-3372-4773-AE67-27FD317B655F}.Release|Any CPU.ActiveCfg = Release|Any CPU
		{23902243-3372-4773-AE67-27FD317B655F}.Release|Any CPU.Build.0 = Release|Any CPU
		{23902243-3372-4773-AE67-27FD317B655F}.Release|x64.ActiveCfg = Release|Any CPU
		{23902243-3372-4773-AE67-27FD317B655F}.Release|x64.Build.0 = Release|Any CPU
		{23902243-3372-4773-AE67-27FD317B655F}.Release|x86.ActiveCfg = Release|Any CPU
		{23902243-3372-4773-AE67-27FD317B655F}.Release|x86.Build.0 = Release|Any CPU
	EndGlobalSection
	GlobalSection(SolutionProperties) = preSolution
		HideSolutionNode = FALSE
	EndGlobalSection
	GlobalSection(NestedProjects) = preSolution
		{81034408-37C8-1011-444E-4C15C2FADA8E} = {827E0CD3-B72D-47B6-A68D-7590B98EB39B}
		{811FA522-BC20-3553-5A7E-8D5AA7EBD3FC} = {81034408-37C8-1011-444E-4C15C2FADA8E}
		{504A6837-2540-6BE0-87CA-87C1D5CEA98C} = {827E0CD3-B72D-47B6-A68D-7590B98EB39B}
		{7757455E-8F30-6C58-A921-24C5696F3A86} = {504A6837-2540-6BE0-87CA-87C1D5CEA98C}
		{E5D085FE-184A-B72C-3038-D97368ED8EE8} = {827E0CD3-B72D-47B6-A68D-7590B98EB39B}
		{25A78BCF-E7E1-D427-C37D-5EF9E7C5F8B4} = {E5D085FE-184A-B72C-3038-D97368ED8EE8}
		{070440E7-20BE-CF0B-7295-4D50FA83AB81} = {827E0CD3-B72D-47B6-A68D-7590B98EB39B}
		{9A608D93-CF79-2C05-5949-7FD57A3B961A} = {070440E7-20BE-CF0B-7295-4D50FA83AB81}
		{60877D60-3C6A-4849-A0F7-B7AE6ED280A2} = {0C88DD14-F956-CE84-757C-A364CCF449FC}
		{C931D981-C309-4DF6-BD85-94687BF7B935} = {0C88DD14-F956-CE84-757C-A364CCF449FC}
		{23902243-3372-4773-AE67-27FD317B655F} = {0C88DD14-F956-CE84-757C-A364CCF449FC}
	EndGlobalSection
	GlobalSection(ExtensibilityGlobals) = postSolution
		SolutionGuid = {618F4797-82E7-4D56-87E9-CC3FF9F6825B}
	EndGlobalSection
EndGlobal
